{
  "originHash" : "3d34c1cef6b63000d74150c7a277ee1befe85024b9d7f60042b84525c9e4b470",
  "pins" : [
    {
      "identity" : "basekit",
      "kind" : "remoteSourceControl",
      "location" : "https://github.com/andyfinnell/BaseKit.git",
      "state" : {
        "branch" : "main",
        "revision" : "57f4e826458d6b69ad431f724ee9ada671fe4520"
      }
    }
  ],
  "version" : 3
}
