{
  "originHash" : "b8653977ad7b00dc2086d338553b2a15bd8531e41a42505d9b1c49faaab73398",
  "pins" : [
    {
      "identity" : "basekit",
      "kind" : "remoteSourceControl",
      "location" : "https://github.com/andyfinnell/BaseKit.git",
      "state" : {
        "branch" : "main",
        "revision" : "0d8d93ed669bc4716ab2cda04d312dbd18125036"
      }
    }
  ],
  "version" : 3
}
